
Microsoft Visual Studio Solution File, Format Version 12.00
# Visual Studio Version 17
VisualStudioVersion = 17.11.35303.130
MinimumVisualStudioVersion = 10.0.40219.1
Project("{8BC9CEB8-8B4A-11D0-8D11-00A0C91BC942}") = "Lab2codeTask2", "Lab2codeTask2\Lab2codeTask2.vcxproj", "{34408FE3-EADE-48D4-9C0E-18CBA3FC6C22}"
EndProject
Global
	GlobalSection(SolutionConfigurationPlatforms) = preSolution
		Debug|x64 = Debug|x64
		Release|x64 = Release|x64
	EndGlobalSection
	GlobalSection(ProjectConfigurationPlatforms) = postSolution
		{34408FE3-EADE-48D4-9C0E-18CBA3FC6C22}.Debug|x64.ActiveCfg = Debug|x64
		{34408FE3-EADE-48D4-9C0E-18CBA3FC6C22}.Debug|x64.Build.0 = Debug|x64
		{34408FE3-EADE-48D4-9C0E-18CBA3FC6C22}.Release|x64.ActiveCfg = Release|x64
		{34408FE3-EADE-48D4-9C0E-18CBA3FC6C22}.Release|x64.Build.0 = Release|x64
	EndGlobalSection
	GlobalSection(SolutionProperties) = preSolution
		HideSolutionNode = FALSE
	EndGlobalSection
	GlobalSection(ExtensibilityGlobals) = postSolution
		SolutionGuid = {5035DE9C-795F-4C22-8A15-69D22AAF45FD}
	EndGlobalSection
EndGlobal
